<?xml version="1.0" encoding="UTF-8" standalone="yes" ?>
<CodeBlocks_project_file>
	<FileVersion major="1" minor="6" />
	<Project>
		<Option title="hide_and_destroy" />
		<Option pch_mode="2" />
		<Option compiler="mingw64new" />
		<Build>
			<Target title="Debug">
				<Option output="bin/Debug/hide_and_destroy" prefix_auto="1" extension_auto="1" />
				<Option object_output="obj/Debug/" />
				<Option type="1" />
				<Option compiler="mingw64new" />
				<Compiler>
					<Add option="-g" />
				</Compiler>
			</Target>
			<Target title="Release">
				<Option output="bin/Release/hide_and_destroy" prefix_auto="1" extension_auto="1" />
				<Option object_output="obj/Release/" />
				<Option type="1" />
				<Option compiler="mingw64new" />
				<Compiler>
					<Add option="-O2" />
				</Compiler>
				<Linker>
					<Add option="-s" />
				</Linker>
			</Target>
		</Build>
		<Compiler>
			<Add option="-Wall" />
			<Add option="-fexceptions" />
			<Add option="-std=c++17" />
			<Add option="-Wno-narrowing" />
			<Add option="-DNET_CLIENT" />
		</Compiler>
		<Linker>
			<Add option="-lmingw32" />
			<Add option="-limgui" />
			<Add option="-lsfml-graphics" />
			<Add option="-lsfml-audio" />
			<Add option="-lsfml-network" />
			<Add option="-lsfml-window" />
			<Add option="-lsfml-system" />
			<Add option="-lfreetype" />
			<Add option="-lopengl32" />
			<Add option="-lws2_32" />
			<Add option="-lflac" />
			<Add option="-lopenal32" />
			<Add option="-logg" />
			<Add option="-lole32" />
			<Add option="-loleaut32" />
			<Add option="-limm32" />
			<Add option="-lwinmm" />
			<Add library="C:/Users/James/Desktop/projects/binmat_game/libduktape.a" />
			<Add library="C:/Users/James/Desktop/projects/binmat_game/libduktaped.a" />
		</Linker>
		<ExtraCommands>
			<Add after="post_build.bat" />
			<Mode after="always" />
		</ExtraCommands>
		<Unit filename="../serialise/serialise.cpp" />
		<Unit filename="../serialise/serialise.hpp" />
		<Unit filename="font_renderer.hpp" />
		<Unit filename="js_interop.hpp" />
		<Unit filename="main.cpp" />
		<Unit filename="manager.hpp" />
		<Extensions>
			<code_completion />
			<envvars />
			<debugger />
			<lib_finder disable_auto="1" />
		</Extensions>
	</Project>
</CodeBlocks_project_file>
