<?xml version="1.0" encoding="UTF-8" standalone="yes" ?>
<CodeBlocks_project_file>
	<FileVersion major="1" minor="6" />
	<Project>
		<Option title="hide_and_destroy" />
		<Option pch_mode="2" />
		<Option compiler="mingw64new" />
		<Build>
			<Target title="Debug">
				<Option output="bin/Debug/hide_and_destroy" prefix_auto="1" extension_auto="1" />
				<Option object_output="obj/Debug/" />
				<Option type="1" />
				<Option compiler="mingw64new" />
				<Compiler>
					<Add option="-g" />
				</Compiler>
			</Target>
			<Target title="Release">
				<Option output="bin/Release/hide_and_destroy" prefix_auto="1" extension_auto="1" />
				<Option object_output="obj/Release/" />
				<Option type="1" />
				<Option compiler="mingw64new" />
				<Compiler>
					<Add option="-O2" />
				</Compiler>
				<Linker>
					<Add option="-s" />
				</Linker>
			</Target>
		</Build>
		<Compiler>
			<Add option="-Wall" />
			<Add option="-fexceptions" />
			<Add option="-std=c++17" />
			<Add option="-DNET_CLIENT" />
		</Compiler>
		<Linker>
			<Add option="-lmingw32" />
			<Add option="-limgui" />
			<Add option="-lsfml-graphics" />
			<Add option="-lsfml-audio" />
			<Add option="-lsfml-network" />
			<Add option="-lsfml-window" />
			<Add option="-lsfml-system" />
			<Add option="-lfreetype" />
			<Add option="-lopengl32" />
			<Add option="-lws2_32" />
			<Add option="-lflac" />
			<Add option="-lopenal32" />
			<Add option="-logg" />
			<Add library="C:/msys64/mingw64/x86_64-w64-mingw32/lib/libwinmm.lib.a" />
			<Add library="C:/msys64/mingw64/x86_64-w64-mingw32/lib/libwinmm.a" />
			<Add library="C:/vb/o/x64.release/obj.target/src/libv8_base.a" />
			<Add library="C:/vb/o/x64.release/obj.target/src/libv8_external_snapshot.a" />
			<Add library="C:/vb/o/x64.release/obj.target/src/libv8_init.a" />
			<Add library="C:/vb/o/x64.release/obj.target/src/libv8_initializers.a" />
			<Add library="C:/vb/o/x64.release/obj.target/src/libv8_libbase.a" />
			<Add library="C:/vb/o/x64.release/obj.target/src/libv8_libplatform.a" />
			<Add library="C:/vb/o/x64.release/obj.target/src/libv8_libsampler.a" />
			<Add library="C:/vb/o/x64.release/obj.target/src/libv8_nosnapshot.a" />
			<Add library="C:/vb/o/x64.release/obj.target/third_party/icu/libicui18n.a" />
			<Add library="C:/vb/o/x64.release/obj.target/third_party/icu/libicuuc.a" />
		</Linker>
		<Unit filename="../serialise/serialise.cpp" />
		<Unit filename="../serialise/serialise.hpp" />
		<Unit filename="font_renderer.hpp" />
		<Unit filename="main.cpp" />
		<Unit filename="manager.hpp" />
		<Extensions>
			<code_completion />
			<envvars />
			<debugger />
			<lib_finder disable_auto="1" />
		</Extensions>
	</Project>
</CodeBlocks_project_file>
